// !$*UTF8*$!
{
	archiveVersion = 1;
	classes = {
	};
	objectVersion = 52;
	objects = {

/* Begin PBXBuildFile section */
		C102CD6623EB5980000C389B /* NYTBestSellersView.swift in Sources */ = {isa = PBXBuildFile; fileRef = C102CD6523EB5980000C389B /* NYTBestSellersView.swift */; };
		C102CD6823EB5997000C389B /* FavoritesView.swift in Sources */ = {isa = PBXBuildFile; fileRef = C102CD6723EB5997000C389B /* FavoritesView.swift */; };
		C102CD6A23EB59A9000C389B /* BookDetailView.swift in Sources */ = {isa = PBXBuildFile; fileRef = C102CD6923EB59A9000C389B /* BookDetailView.swift */; };
		C102CD6C23EB59B6000C389B /* SettingsView.swift in Sources */ = {isa = PBXBuildFile; fileRef = C102CD6B23EB59B6000C389B /* SettingsView.swift */; };
		C102CD6E23EB59E5000C389B /* BookDetailViewController.swift in Sources */ = {isa = PBXBuildFile; fileRef = C102CD6D23EB59E5000C389B /* BookDetailViewController.swift */; };
		C102CD7023EB59F4000C389B /* SettingsViewController.swift in Sources */ = {isa = PBXBuildFile; fileRef = C102CD6F23EB59F4000C389B /* SettingsViewController.swift */; };
		C102CD7223EB5A1C000C389B /* NYTBestSellersViewController.swift in Sources */ = {isa = PBXBuildFile; fileRef = C102CD7123EB5A1C000C389B /* NYTBestSellersViewController.swift */; };
		C102CD7423EB5A88000C389B /* BookCell.swift in Sources */ = {isa = PBXBuildFile; fileRef = C102CD7323EB5A88000C389B /* BookCell.swift */; };
		C102CD7623EB5A95000C389B /* FavoriteCell.swift in Sources */ = {isa = PBXBuildFile; fileRef = C102CD7523EB5A95000C389B /* FavoriteCell.swift */; };
		C102CD7823EB5AE2000C389B /* NYTAPIClient.swift in Sources */ = {isa = PBXBuildFile; fileRef = C102CD7723EB5AE2000C389B /* NYTAPIClient.swift */; };
		C102CD7A23EB5AFA000C389B /* NYTBook.swift in Sources */ = {isa = PBXBuildFile; fileRef = C102CD7923EB5AFA000C389B /* NYTBook.swift */; };
		C102CD7E23EB5B6F000C389B /* ImageKit in Frameworks */ = {isa = PBXBuildFile; productRef = C102CD7D23EB5B6F000C389B /* ImageKit */; };
		C16C225C23F05090008C12AB /* Secrets.swift in Sources */ = {isa = PBXBuildFile; fileRef = C16C225B23F05090008C12AB /* Secrets.swift */; };
		C16C226423F082A0008C12AB /* NewYorkTimeProjectTests.swift in Sources */ = {isa = PBXBuildFile; fileRef = C16C226323F082A0008C12AB /* NewYorkTimeProjectTests.swift */; };
		C16C226C23F08597008C12AB /* NYTCategory.swift in Sources */ = {isa = PBXBuildFile; fileRef = C16C226B23F08597008C12AB /* NYTCategory.swift */; };
		C172681023EB5745000CD944 /* AppDelegate.swift in Sources */ = {isa = PBXBuildFile; fileRef = C172680F23EB5745000CD944 /* AppDelegate.swift */; };
		C172681223EB5745000CD944 /* SceneDelegate.swift in Sources */ = {isa = PBXBuildFile; fileRef = C172681123EB5745000CD944 /* SceneDelegate.swift */; };
		C172681423EB5745000CD944 /* FavoritesViewController.swift in Sources */ = {isa = PBXBuildFile; fileRef = C172681323EB5745000CD944 /* FavoritesViewController.swift */; };
		C172681923EB574B000CD944 /* Assets.xcassets in Resources */ = {isa = PBXBuildFile; fileRef = C172681823EB574B000CD944 /* Assets.xcassets */; };
		C172681C23EB574B000CD944 /* LaunchScreen.storyboard in Resources */ = {isa = PBXBuildFile; fileRef = C172681A23EB574B000CD944 /* LaunchScreen.storyboard */; };
		C172682923EB587E000CD944 /* NYTTabBarController.swift in Sources */ = {isa = PBXBuildFile; fileRef = C172682823EB587E000CD944 /* NYTTabBarController.swift */; };
		C60ACC5023FBA66D00D51955 /* EmptyView.swift in Sources */ = {isa = PBXBuildFile; fileRef = C60ACC4F23FBA66D00D51955 /* EmptyView.swift */; };
		C6400EF323F7040D00FE38F1 /* ShowAlert.swift in Sources */ = {isa = PBXBuildFile; fileRef = C6400EF223F7040D00FE38F1 /* ShowAlert.swift */; };
		C6400EF623F7045E00FE38F1 /* CustomDelegate.swift in Sources */ = {isa = PBXBuildFile; fileRef = C6400EF523F7045E00FE38F1 /* CustomDelegate.swift */; };
/* End PBXBuildFile section */

/* Begin PBXContainerItemProxy section */
		C16C226623F082A0008C12AB /* PBXContainerItemProxy */ = {
			isa = PBXContainerItemProxy;
			containerPortal = C172680423EB5745000CD944 /* Project object */;
			proxyType = 1;
			remoteGlobalIDString = C172680B23EB5745000CD944;
			remoteInfo = NewYorkTimeProject;
		};
/* End PBXContainerItemProxy section */

/* Begin PBXFileReference section */
		C102CD6523EB5980000C389B /* NYTBestSellersView.swift */ = {isa = PBXFileReference; lastKnownFileType = sourcecode.swift; path = NYTBestSellersView.swift; sourceTree = "<group>"; };
		C102CD6723EB5997000C389B /* FavoritesView.swift */ = {isa = PBXFileReference; lastKnownFileType = sourcecode.swift; path = FavoritesView.swift; sourceTree = "<group>"; };
		C102CD6923EB59A9000C389B /* BookDetailView.swift */ = {isa = PBXFileReference; lastKnownFileType = sourcecode.swift; path = BookDetailView.swift; sourceTree = "<group>"; };
		C102CD6B23EB59B6000C389B /* SettingsView.swift */ = {isa = PBXFileReference; lastKnownFileType = sourcecode.swift; path = SettingsView.swift; sourceTree = "<group>"; };
		C102CD6D23EB59E5000C389B /* BookDetailViewController.swift */ = {isa = PBXFileReference; lastKnownFileType = sourcecode.swift; path = BookDetailViewController.swift; sourceTree = "<group>"; };
		C102CD6F23EB59F4000C389B /* SettingsViewController.swift */ = {isa = PBXFileReference; lastKnownFileType = sourcecode.swift; path = SettingsViewController.swift; sourceTree = "<group>"; };
		C102CD7123EB5A1C000C389B /* NYTBestSellersViewController.swift */ = {isa = PBXFileReference; lastKnownFileType = sourcecode.swift; path = NYTBestSellersViewController.swift; sourceTree = "<group>"; };
		C102CD7323EB5A88000C389B /* BookCell.swift */ = {isa = PBXFileReference; lastKnownFileType = sourcecode.swift; path = BookCell.swift; sourceTree = "<group>"; };
		C102CD7523EB5A95000C389B /* FavoriteCell.swift */ = {isa = PBXFileReference; lastKnownFileType = sourcecode.swift; path = FavoriteCell.swift; sourceTree = "<group>"; };
		C102CD7723EB5AE2000C389B /* NYTAPIClient.swift */ = {isa = PBXFileReference; lastKnownFileType = sourcecode.swift; path = NYTAPIClient.swift; sourceTree = "<group>"; };
		C102CD7923EB5AFA000C389B /* NYTBook.swift */ = {isa = PBXFileReference; lastKnownFileType = sourcecode.swift; path = NYTBook.swift; sourceTree = "<group>"; };
		C16C225B23F05090008C12AB /* Secrets.swift */ = {isa = PBXFileReference; lastKnownFileType = sourcecode.swift; path = Secrets.swift; sourceTree = "<group>"; };
		C16C226123F082A0008C12AB /* NewYorkTimeProjectTests.xctest */ = {isa = PBXFileReference; explicitFileType = wrapper.cfbundle; includeInIndex = 0; path = NewYorkTimeProjectTests.xctest; sourceTree = BUILT_PRODUCTS_DIR; };
		C16C226323F082A0008C12AB /* NewYorkTimeProjectTests.swift */ = {isa = PBXFileReference; lastKnownFileType = sourcecode.swift; path = NewYorkTimeProjectTests.swift; sourceTree = "<group>"; };
		C16C226523F082A0008C12AB /* Info.plist */ = {isa = PBXFileReference; lastKnownFileType = text.plist.xml; path = Info.plist; sourceTree = "<group>"; };
		C16C226B23F08597008C12AB /* NYTCategory.swift */ = {isa = PBXFileReference; lastKnownFileType = sourcecode.swift; path = NYTCategory.swift; sourceTree = "<group>"; };
		C172680C23EB5745000CD944 /* NewYorkTimeProject.app */ = {isa = PBXFileReference; explicitFileType = wrapper.application; includeInIndex = 0; path = NewYorkTimeProject.app; sourceTree = BUILT_PRODUCTS_DIR; };
		C172680F23EB5745000CD944 /* AppDelegate.swift */ = {isa = PBXFileReference; lastKnownFileType = sourcecode.swift; path = AppDelegate.swift; sourceTree = "<group>"; };
		C172681123EB5745000CD944 /* SceneDelegate.swift */ = {isa = PBXFileReference; lastKnownFileType = sourcecode.swift; path = SceneDelegate.swift; sourceTree = "<group>"; };
		C172681323EB5745000CD944 /* FavoritesViewController.swift */ = {isa = PBXFileReference; lastKnownFileType = sourcecode.swift; path = FavoritesViewController.swift; sourceTree = "<group>"; };
		C172681823EB574B000CD944 /* Assets.xcassets */ = {isa = PBXFileReference; lastKnownFileType = folder.assetcatalog; path = Assets.xcassets; sourceTree = "<group>"; };
		C172681B23EB574B000CD944 /* Base */ = {isa = PBXFileReference; lastKnownFileType = file.storyboard; name = Base; path = Base.lproj/LaunchScreen.storyboard; sourceTree = "<group>"; };
		C172681D23EB574B000CD944 /* Info.plist */ = {isa = PBXFileReference; lastKnownFileType = text.plist.xml; path = Info.plist; sourceTree = "<group>"; };
		C172682823EB587E000CD944 /* NYTTabBarController.swift */ = {isa = PBXFileReference; lastKnownFileType = sourcecode.swift; path = NYTTabBarController.swift; sourceTree = "<group>"; };
		C60ACC4F23FBA66D00D51955 /* EmptyView.swift */ = {isa = PBXFileReference; lastKnownFileType = sourcecode.swift; path = EmptyView.swift; sourceTree = "<group>"; };
		C6400EF223F7040D00FE38F1 /* ShowAlert.swift */ = {isa = PBXFileReference; lastKnownFileType = sourcecode.swift; path = ShowAlert.swift; sourceTree = "<group>"; };
		C6400EF523F7045E00FE38F1 /* CustomDelegate.swift */ = {isa = PBXFileReference; lastKnownFileType = sourcecode.swift; path = CustomDelegate.swift; sourceTree = "<group>"; };
/* End PBXFileReference section */

/* Begin PBXFrameworksBuildPhase section */
		C16C225E23F082A0008C12AB /* Frameworks */ = {
			isa = PBXFrameworksBuildPhase;
			buildActionMask = 2147483647;
			files = (
			);
			runOnlyForDeploymentPostprocessing = 0;
		};
		C172680923EB5745000CD944 /* Frameworks */ = {
			isa = PBXFrameworksBuildPhase;
			buildActionMask = 2147483647;
			files = (
				C102CD7E23EB5B6F000C389B /* ImageKit in Frameworks */,
			);
			runOnlyForDeploymentPostprocessing = 0;
		};
/* End PBXFrameworksBuildPhase section */

/* Begin PBXGroup section */
		C102CD7B23EB5B19000C389B /* Cells */ = {
			isa = PBXGroup;
			children = (
				C102CD7323EB5A88000C389B /* BookCell.swift */,
				C102CD7523EB5A95000C389B /* FavoriteCell.swift */,
			);
			path = Cells;
			sourceTree = "<group>";
		};
		C16C225A23F05084008C12AB /* Secrets */ = {
			isa = PBXGroup;
			children = (
				C16C225B23F05090008C12AB /* Secrets.swift */,
			);
			path = Secrets;
			sourceTree = "<group>";
		};
		C16C226223F082A0008C12AB /* NewYorkTimeProjectTests */ = {
			isa = PBXGroup;
			children = (
				C16C226323F082A0008C12AB /* NewYorkTimeProjectTests.swift */,
				C16C226523F082A0008C12AB /* Info.plist */,
			);
			path = NewYorkTimeProjectTests;
			sourceTree = "<group>";
		};
		C172680323EB5745000CD944 = {
			isa = PBXGroup;
			children = (
				C172680E23EB5745000CD944 /* NewYorkTimeProject */,
				C16C226223F082A0008C12AB /* NewYorkTimeProjectTests */,
				C172680D23EB5745000CD944 /* Products */,
			);
			sourceTree = "<group>";
		};
		C172680D23EB5745000CD944 /* Products */ = {
			isa = PBXGroup;
			children = (
				C172680C23EB5745000CD944 /* NewYorkTimeProject.app */,
				C16C226123F082A0008C12AB /* NewYorkTimeProjectTests.xctest */,
			);
			name = Products;
			sourceTree = "<group>";
		};
		C172680E23EB5745000CD944 /* NewYorkTimeProject */ = {
			isa = PBXGroup;
			children = (
				C16C225A23F05084008C12AB /* Secrets */,
				C172682723EB57BC000CD944 /* Supporting Files */,
				C6400EF423F7043A00FE38F1 /* Custom Delegate */,
				C172682623EB57B5000CD944 /* Controllers */,
				C102CD7B23EB5B19000C389B /* Cells */,
				C172682523EB57AB000CD944 /* Views */,
				C172682423EB579F000CD944 /* Models */,
				C172682323EB5797000CD944 /* Network Services */,
				C172681823EB574B000CD944 /* Assets.xcassets */,
				C172681A23EB574B000CD944 /* LaunchScreen.storyboard */,
				C172681D23EB574B000CD944 /* Info.plist */,
			);
			path = NewYorkTimeProject;
			sourceTree = "<group>";
		};
		C172682323EB5797000CD944 /* Network Services */ = {
			isa = PBXGroup;
			children = (
				C102CD7723EB5AE2000C389B /* NYTAPIClient.swift */,
			);
			path = "Network Services";
			sourceTree = "<group>";
		};
		C172682423EB579F000CD944 /* Models */ = {
			isa = PBXGroup;
			children = (
				C102CD7923EB5AFA000C389B /* NYTBook.swift */,
				C16C226B23F08597008C12AB /* NYTCategory.swift */,
			);
			path = Models;
			sourceTree = "<group>";
		};
		C172682523EB57AB000CD944 /* Views */ = {
			isa = PBXGroup;
			children = (
				C102CD6523EB5980000C389B /* NYTBestSellersView.swift */,
				C102CD6723EB5997000C389B /* FavoritesView.swift */,
				C102CD6923EB59A9000C389B /* BookDetailView.swift */,
				C102CD6B23EB59B6000C389B /* SettingsView.swift */,
				C60ACC4F23FBA66D00D51955 /* EmptyView.swift */,
			);
			path = Views;
			sourceTree = "<group>";
		};
		C172682623EB57B5000CD944 /* Controllers */ = {
			isa = PBXGroup;
			children = (
				C172682823EB587E000CD944 /* NYTTabBarController.swift */,
				C102CD7123EB5A1C000C389B /* NYTBestSellersViewController.swift */,
				C102CD6D23EB59E5000C389B /* BookDetailViewController.swift */,
				C172681323EB5745000CD944 /* FavoritesViewController.swift */,
				C102CD6F23EB59F4000C389B /* SettingsViewController.swift */,
			);
			path = Controllers;
			sourceTree = "<group>";
		};
		C172682723EB57BC000CD944 /* Supporting Files */ = {
			isa = PBXGroup;
			children = (
				C172680F23EB5745000CD944 /* AppDelegate.swift */,
				C172681123EB5745000CD944 /* SceneDelegate.swift */,
				C6400EF223F7040D00FE38F1 /* ShowAlert.swift */,
			);
			path = "Supporting Files";
			sourceTree = "<group>";
		};
		C6400EF423F7043A00FE38F1 /* Custom Delegate */ = {
			isa = PBXGroup;
			children = (
				C6400EF523F7045E00FE38F1 /* CustomDelegate.swift */,
			);
			path = "Custom Delegate";
			sourceTree = "<group>";
		};
/* End PBXGroup section */

/* Begin PBXNativeTarget section */
		C16C226023F082A0008C12AB /* NewYorkTimeProjectTests */ = {
			isa = PBXNativeTarget;
			buildConfigurationList = C16C226823F082A0008C12AB /* Build configuration list for PBXNativeTarget "NewYorkTimeProjectTests" */;
			buildPhases = (
				C16C225D23F082A0008C12AB /* Sources */,
				C16C225E23F082A0008C12AB /* Frameworks */,
				C16C225F23F082A0008C12AB /* Resources */,
			);
			buildRules = (
			);
			dependencies = (
				C16C226723F082A0008C12AB /* PBXTargetDependency */,
			);
			name = NewYorkTimeProjectTests;
			productName = NewYorkTimeProjectTests;
			productReference = C16C226123F082A0008C12AB /* NewYorkTimeProjectTests.xctest */;
			productType = "com.apple.product-type.bundle.unit-test";
		};
		C172680B23EB5745000CD944 /* NewYorkTimeProject */ = {
			isa = PBXNativeTarget;
			buildConfigurationList = C172682023EB574B000CD944 /* Build configuration list for PBXNativeTarget "NewYorkTimeProject" */;
			buildPhases = (
				C172680823EB5745000CD944 /* Sources */,
				C172680923EB5745000CD944 /* Frameworks */,
				C172680A23EB5745000CD944 /* Resources */,
			);
			buildRules = (
			);
			dependencies = (
			);
			name = NewYorkTimeProject;
			packageProductDependencies = (
				C102CD7D23EB5B6F000C389B /* ImageKit */,
			);
			productName = NewYorkTimeProject;
			productReference = C172680C23EB5745000CD944 /* NewYorkTimeProject.app */;
			productType = "com.apple.product-type.application";
		};
/* End PBXNativeTarget section */

/* Begin PBXProject section */
		C172680423EB5745000CD944 /* Project object */ = {
			isa = PBXProject;
			attributes = {
				LastSwiftUpdateCheck = 1130;
				LastUpgradeCheck = 1130;
				ORGANIZATIONNAME = "Gregory Keeley";
				TargetAttributes = {
					C16C226023F082A0008C12AB = {
						CreatedOnToolsVersion = 11.3.1;
						TestTargetID = C172680B23EB5745000CD944;
					};
					C172680B23EB5745000CD944 = {
						CreatedOnToolsVersion = 11.3.1;
					};
				};
			};
			buildConfigurationList = C172680723EB5745000CD944 /* Build configuration list for PBXProject "NewYorkTimeProject" */;
			compatibilityVersion = "Xcode 9.3";
			developmentRegion = en;
			hasScannedForEncodings = 0;
			knownRegions = (
				en,
				Base,
			);
			mainGroup = C172680323EB5745000CD944;
			packageReferences = (
				C102CD7C23EB5B6F000C389B /* XCRemoteSwiftPackageReference "ImageKit" */,
			);
			productRefGroup = C172680D23EB5745000CD944 /* Products */;
			projectDirPath = "";
			projectRoot = "";
			targets = (
				C172680B23EB5745000CD944 /* NewYorkTimeProject */,
				C16C226023F082A0008C12AB /* NewYorkTimeProjectTests */,
			);
		};
/* End PBXProject section */

/* Begin PBXResourcesBuildPhase section */
		C16C225F23F082A0008C12AB /* Resources */ = {
			isa = PBXResourcesBuildPhase;
			buildActionMask = 2147483647;
			files = (
			);
			runOnlyForDeploymentPostprocessing = 0;
		};
		C172680A23EB5745000CD944 /* Resources */ = {
			isa = PBXResourcesBuildPhase;
			buildActionMask = 2147483647;
			files = (
				C172681C23EB574B000CD944 /* LaunchScreen.storyboard in Resources */,
				C172681923EB574B000CD944 /* Assets.xcassets in Resources */,
			);
			runOnlyForDeploymentPostprocessing = 0;
		};
/* End PBXResourcesBuildPhase section */

/* Begin PBXSourcesBuildPhase section */
		C16C225D23F082A0008C12AB /* Sources */ = {
			isa = PBXSourcesBuildPhase;
			buildActionMask = 2147483647;
			files = (
				C16C226423F082A0008C12AB /* NewYorkTimeProjectTests.swift in Sources */,
			);
			runOnlyForDeploymentPostprocessing = 0;
		};
		C172680823EB5745000CD944 /* Sources */ = {
			isa = PBXSourcesBuildPhase;
			buildActionMask = 2147483647;
			files = (
				C102CD7623EB5A95000C389B /* FavoriteCell.swift in Sources */,
				C16C225C23F05090008C12AB /* Secrets.swift in Sources */,
				C102CD7423EB5A88000C389B /* BookCell.swift in Sources */,
				C172681423EB5745000CD944 /* FavoritesViewController.swift in Sources */,
				C16C226C23F08597008C12AB /* NYTCategory.swift in Sources */,
				C102CD7823EB5AE2000C389B /* NYTAPIClient.swift in Sources */,
				C102CD7223EB5A1C000C389B /* NYTBestSellersViewController.swift in Sources */,
				C102CD6C23EB59B6000C389B /* SettingsView.swift in Sources */,
				C172681023EB5745000CD944 /* AppDelegate.swift in Sources */,
				C102CD7023EB59F4000C389B /* SettingsViewController.swift in Sources */,
				C6400EF623F7045E00FE38F1 /* CustomDelegate.swift in Sources */,
				C102CD6823EB5997000C389B /* FavoritesView.swift in Sources */,
				C172681223EB5745000CD944 /* SceneDelegate.swift in Sources */,
				C102CD7A23EB5AFA000C389B /* NYTBook.swift in Sources */,
				C6400EF323F7040D00FE38F1 /* ShowAlert.swift in Sources */,
				C102CD6E23EB59E5000C389B /* BookDetailViewController.swift in Sources */,
				C60ACC5023FBA66D00D51955 /* EmptyView.swift in Sources */,
				C172682923EB587E000CD944 /* NYTTabBarController.swift in Sources */,
				C102CD6623EB5980000C389B /* NYTBestSellersView.swift in Sources */,
				C102CD6A23EB59A9000C389B /* BookDetailView.swift in Sources */,
			);
			runOnlyForDeploymentPostprocessing = 0;
		};
/* End PBXSourcesBuildPhase section */

/* Begin PBXTargetDependency section */
		C16C226723F082A0008C12AB /* PBXTargetDependency */ = {
			isa = PBXTargetDependency;
			target = C172680B23EB5745000CD944 /* NewYorkTimeProject */;
			targetProxy = C16C226623F082A0008C12AB /* PBXContainerItemProxy */;
		};
/* End PBXTargetDependency section */

/* Begin PBXVariantGroup section */
		C172681A23EB574B000CD944 /* LaunchScreen.storyboard */ = {
			isa = PBXVariantGroup;
			children = (
				C172681B23EB574B000CD944 /* Base */,
			);
			name = LaunchScreen.storyboard;
			sourceTree = "<group>";
		};
/* End PBXVariantGroup section */

/* Begin XCBuildConfiguration section */
		C16C226923F082A0008C12AB /* Debug */ = {
			isa = XCBuildConfiguration;
			buildSettings = {
				BUNDLE_LOADER = "$(TEST_HOST)";
				CODE_SIGN_STYLE = Automatic;
				DEVELOPMENT_TEAM = 26RHXP32FH;
				INFOPLIST_FILE = NewYorkTimeProjectTests/Info.plist;
				LD_RUNPATH_SEARCH_PATHS = (
					"$(inherited)",
					"@executable_path/Frameworks",
					"@loader_path/Frameworks",
				);
				PRODUCT_BUNDLE_IDENTIFIER = org.gregkeeley.NewYorkTimeProjectTests;
				PRODUCT_NAME = "$(TARGET_NAME)";
				SWIFT_VERSION = 5.0;
				TARGETED_DEVICE_FAMILY = "1,2";
				TEST_HOST = "$(BUILT_PRODUCTS_DIR)/NewYorkTimeProject.app/NewYorkTimeProject";
			};
			name = Debug;
		};
		C16C226A23F082A0008C12AB /* Release */ = {
			isa = XCBuildConfiguration;
			buildSettings = {
				BUNDLE_LOADER = "$(TEST_HOST)";
				CODE_SIGN_STYLE = Automatic;
				DEVELOPMENT_TEAM = 26RHXP32FH;
				INFOPLIST_FILE = NewYorkTimeProjectTests/Info.plist;
				LD_RUNPATH_SEARCH_PATHS = (
					"$(inherited)",
					"@executable_path/Frameworks",
					"@loader_path/Frameworks",
				);
				PRODUCT_BUNDLE_IDENTIFIER = org.gregkeeley.NewYorkTimeProjectTests;
				PRODUCT_NAME = "$(TARGET_NAME)";
				SWIFT_VERSION = 5.0;
				TARGETED_DEVICE_FAMILY = "1,2";
				TEST_HOST = "$(BUILT_PRODUCTS_DIR)/NewYorkTimeProject.app/NewYorkTimeProject";
			};
			name = Release;
		};
		C172681E23EB574B000CD944 /* Debug */ = {
			isa = XCBuildConfiguration;
			buildSettings = {
				ALWAYS_SEARCH_USER_PATHS = NO;
				CLANG_ANALYZER_NONNULL = YES;
				CLANG_ANALYZER_NUMBER_OBJECT_CONVERSION = YES_AGGRESSIVE;
				CLANG_CXX_LANGUAGE_STANDARD = "gnu++14";
				CLANG_CXX_LIBRARY = "libc++";
				CLANG_ENABLE_MODULES = YES;
				CLANG_ENABLE_OBJC_ARC = YES;
				CLANG_ENABLE_OBJC_WEAK = YES;
				CLANG_WARN_BLOCK_CAPTURE_AUTORELEASING = YES;
				CLANG_WARN_BOOL_CONVERSION = YES;
				CLANG_WARN_COMMA = YES;
				CLANG_WARN_CONSTANT_CONVERSION = YES;
				CLANG_WARN_DEPRECATED_OBJC_IMPLEMENTATIONS = YES;
				CLANG_WARN_DIRECT_OBJC_ISA_USAGE = YES_ERROR;
				CLANG_WARN_DOCUMENTATION_COMMENTS = YES;
				CLANG_WARN_EMPTY_BODY = YES;
				CLANG_WARN_ENUM_CONVERSION = YES;
				CLANG_WARN_INFINITE_RECURSION = YES;
				CLANG_WARN_INT_CONVERSION = YES;
				CLANG_WARN_NON_LITERAL_NULL_CONVERSION = YES;
				CLANG_WARN_OBJC_IMPLICIT_RETAIN_SELF = YES;
				CLANG_WARN_OBJC_LITERAL_CONVERSION = YES;
				CLANG_WARN_OBJC_ROOT_CLASS = YES_ERROR;
				CLANG_WARN_RANGE_LOOP_ANALYSIS = YES;
				CLANG_WARN_STRICT_PROTOTYPES = YES;
				CLANG_WARN_SUSPICIOUS_MOVE = YES;
				CLANG_WARN_UNGUARDED_AVAILABILITY = YES_AGGRESSIVE;
				CLANG_WARN_UNREACHABLE_CODE = YES;
				CLANG_WARN__DUPLICATE_METHOD_MATCH = YES;
				COPY_PHASE_STRIP = NO;
				DEBUG_INFORMATION_FORMAT = dwarf;
				ENABLE_STRICT_OBJC_MSGSEND = YES;
				ENABLE_TESTABILITY = YES;
				GCC_C_LANGUAGE_STANDARD = gnu11;
				GCC_DYNAMIC_NO_PIC = NO;
				GCC_NO_COMMON_BLOCKS = YES;
				GCC_OPTIMIZATION_LEVEL = 0;
				GCC_PREPROCESSOR_DEFINITIONS = (
					"DEBUG=1",
					"$(inherited)",
				);
				GCC_WARN_64_TO_32_BIT_CONVERSION = YES;
				GCC_WARN_ABOUT_RETURN_TYPE = YES_ERROR;
				GCC_WARN_UNDECLARED_SELECTOR = YES;
				GCC_WARN_UNINITIALIZED_AUTOS = YES_AGGRESSIVE;
				GCC_WARN_UNUSED_FUNCTION = YES;
				GCC_WARN_UNUSED_VARIABLE = YES;
				IPHONEOS_DEPLOYMENT_TARGET = 13.2;
				MTL_ENABLE_DEBUG_INFO = INCLUDE_SOURCE;
				MTL_FAST_MATH = YES;
				ONLY_ACTIVE_ARCH = YES;
				SDKROOT = iphoneos;
				SWIFT_ACTIVE_COMPILATION_CONDITIONS = DEBUG;
				SWIFT_OPTIMIZATION_LEVEL = "-Onone";
			};
			name = Debug;
		};
		C172681F23EB574B000CD944 /* Release */ = {
			isa = XCBuildConfiguration;
			buildSettings = {
				ALWAYS_SEARCH_USER_PATHS = NO;
				CLANG_ANALYZER_NONNULL = YES;
				CLANG_ANALYZER_NUMBER_OBJECT_CONVERSION = YES_AGGRESSIVE;
				CLANG_CXX_LANGUAGE_STANDARD = "gnu++14";
				CLANG_CXX_LIBRARY = "libc++";
				CLANG_ENABLE_MODULES = YES;
				CLANG_ENABLE_OBJC_ARC = YES;
				CLANG_ENABLE_OBJC_WEAK = YES;
				CLANG_WARN_BLOCK_CAPTURE_AUTORELEASING = YES;
				CLANG_WARN_BOOL_CONVERSION = YES;
				CLANG_WARN_COMMA = YES;
				CLANG_WARN_CONSTANT_CONVERSION = YES;
				CLANG_WARN_DEPRECATED_OBJC_IMPLEMENTATIONS = YES;
				CLANG_WARN_DIRECT_OBJC_ISA_USAGE = YES_ERROR;
				CLANG_WARN_DOCUMENTATION_COMMENTS = YES;
				CLANG_WARN_EMPTY_BODY = YES;
				CLANG_WARN_ENUM_CONVERSION = YES;
				CLANG_WARN_INFINITE_RECURSION = YES;
				CLANG_WARN_INT_CONVERSION = YES;
				CLANG_WARN_NON_LITERAL_NULL_CONVERSION = YES;
				CLANG_WARN_OBJC_IMPLICIT_RETAIN_SELF = YES;
				CLANG_WARN_OBJC_LITERAL_CONVERSION = YES;
				CLANG_WARN_OBJC_ROOT_CLASS = YES_ERROR;
				CLANG_WARN_RANGE_LOOP_ANALYSIS = YES;
				CLANG_WARN_STRICT_PROTOTYPES = YES;
				CLANG_WARN_SUSPICIOUS_MOVE = YES;
				CLANG_WARN_UNGUARDED_AVAILABILITY = YES_AGGRESSIVE;
				CLANG_WARN_UNREACHABLE_CODE = YES;
				CLANG_WARN__DUPLICATE_METHOD_MATCH = YES;
				COPY_PHASE_STRIP = NO;
				DEBUG_INFORMATION_FORMAT = "dwarf-with-dsym";
				ENABLE_NS_ASSERTIONS = NO;
				ENABLE_STRICT_OBJC_MSGSEND = YES;
				GCC_C_LANGUAGE_STANDARD = gnu11;
				GCC_NO_COMMON_BLOCKS = YES;
				GCC_WARN_64_TO_32_BIT_CONVERSION = YES;
				GCC_WARN_ABOUT_RETURN_TYPE = YES_ERROR;
				GCC_WARN_UNDECLARED_SELECTOR = YES;
				GCC_WARN_UNINITIALIZED_AUTOS = YES_AGGRESSIVE;
				GCC_WARN_UNUSED_FUNCTION = YES;
				GCC_WARN_UNUSED_VARIABLE = YES;
				IPHONEOS_DEPLOYMENT_TARGET = 13.2;
				MTL_ENABLE_DEBUG_INFO = NO;
				MTL_FAST_MATH = YES;
				SDKROOT = iphoneos;
				SWIFT_COMPILATION_MODE = wholemodule;
				SWIFT_OPTIMIZATION_LEVEL = "-O";
				VALIDATE_PRODUCT = YES;
			};
			name = Release;
		};
		C172682123EB574B000CD944 /* Debug */ = {
			isa = XCBuildConfiguration;
			buildSettings = {
				ASSETCATALOG_COMPILER_APPICON_NAME = AppIcon;
				CODE_SIGN_STYLE = Automatic;
				DEVELOPMENT_TEAM = 26RHXP32FH;
				INFOPLIST_FILE = NewYorkTimeProject/Info.plist;
				LD_RUNPATH_SEARCH_PATHS = (
					"$(inherited)",
					"@executable_path/Frameworks",
				);
				PRODUCT_BUNDLE_IDENTIFIER = org.gregkeeley.NewYorkTimeProject;
				PRODUCT_NAME = "$(TARGET_NAME)";
				SWIFT_VERSION = 5.0;
				TARGETED_DEVICE_FAMILY = "1,2";
			};
			name = Debug;
		};
		C172682223EB574B000CD944 /* Release */ = {
			isa = XCBuildConfiguration;
			buildSettings = {
				ASSETCATALOG_COMPILER_APPICON_NAME = AppIcon;
				CODE_SIGN_STYLE = Automatic;
				DEVELOPMENT_TEAM = 26RHXP32FH;
				INFOPLIST_FILE = NewYorkTimeProject/Info.plist;
				LD_RUNPATH_SEARCH_PATHS = (
					"$(inherited)",
					"@executable_path/Frameworks",
				);
				PRODUCT_BUNDLE_IDENTIFIER = org.gregkeeley.NewYorkTimeProject;
				PRODUCT_NAME = "$(TARGET_NAME)";
				SWIFT_VERSION = 5.0;
				TARGETED_DEVICE_FAMILY = "1,2";
			};
			name = Release;
		};
/* End XCBuildConfiguration section */

/* Begin XCConfigurationList section */
		C16C226823F082A0008C12AB /* Build configuration list for PBXNativeTarget "NewYorkTimeProjectTests" */ = {
			isa = XCConfigurationList;
			buildConfigurations = (
				C16C226923F082A0008C12AB /* Debug */,
				C16C226A23F082A0008C12AB /* Release */,
			);
			defaultConfigurationIsVisible = 0;
			defaultConfigurationName = Release;
		};
		C172680723EB5745000CD944 /* Build configuration list for PBXProject "NewYorkTimeProject" */ = {
			isa = XCConfigurationList;
			buildConfigurations = (
				C172681E23EB574B000CD944 /* Debug */,
				C172681F23EB574B000CD944 /* Release */,
			);
			defaultConfigurationIsVisible = 0;
			defaultConfigurationName = Release;
		};
		C172682023EB574B000CD944 /* Build configuration list for PBXNativeTarget "NewYorkTimeProject" */ = {
			isa = XCConfigurationList;
			buildConfigurations = (
				C172682123EB574B000CD944 /* Debug */,
				C172682223EB574B000CD944 /* Release */,
			);
			defaultConfigurationIsVisible = 0;
			defaultConfigurationName = Release;
		};
/* End XCConfigurationList section */

/* Begin XCRemoteSwiftPackageReference section */
		C102CD7C23EB5B6F000C389B /* XCRemoteSwiftPackageReference "ImageKit" */ = {
			isa = XCRemoteSwiftPackageReference;
			repositoryURL = "https://github.com/alexpaul/ImageKit";
			requirement = {
				kind = upToNextMajorVersion;
				minimumVersion = 1.0.4;
			};
		};
/* End XCRemoteSwiftPackageReference section */

/* Begin XCSwiftPackageProductDependency section */
		C102CD7D23EB5B6F000C389B /* ImageKit */ = {
			isa = XCSwiftPackageProductDependency;
			package = C102CD7C23EB5B6F000C389B /* XCRemoteSwiftPackageReference "ImageKit" */;
			productName = ImageKit;
		};
/* End XCSwiftPackageProductDependency section */
	};
	rootObject = C172680423EB5745000CD944 /* Project object */;
}
